
Microsoft Visual Studio Solution File, Format Version 12.00
# Visual Studio Version 17
VisualStudioVersion = 17.5.2.0
MinimumVisualStudioVersion = 10.0.40219.1
Project("{FAE04EC0-301F-11D3-BF4B-00C04F79EFBC}") = "function-app", "function-app\function-app.csproj", "{FD82E55F-4206-2716-1036-950586FF5961}"
EndProject
Project("{FAE04EC0-301F-11D3-BF4B-00C04F79EFBC}") = "order-generator", "order-generator\order-generator.csproj", "{443F64BB-9AF7-4443-A57C-E2113F1F3012}"
EndProject
Global
	GlobalSection(SolutionConfigurationPlatforms) = preSolution
		Debug|Any CPU = Debug|Any CPU
		Debug|x64 = Debug|x64
		Debug|x86 = Debug|x86
		Release|Any CPU = Release|Any CPU
		Release|x64 = Release|x64
		Release|x86 = Release|x86
	EndGlobalSection
	GlobalSection(ProjectConfigurationPlatforms) = postSolution
		{FD82E55F-4206-2716-1036-950586FF5961}.Debug|Any CPU.ActiveCfg = Debug|Any CPU
		{FD82E55F-4206-2716-1036-950586FF5961}.Debug|Any CPU.Build.0 = Debug|Any CPU
		{FD82E55F-4206-2716-1036-950586FF5961}.Debug|x64.ActiveCfg = Debug|Any CPU
		{FD82E55F-4206-2716-1036-950586FF5961}.Debug|x64.Build.0 = Debug|Any CPU
		{FD82E55F-4206-2716-1036-950586FF5961}.Debug|x86.ActiveCfg = Debug|Any CPU
		{FD82E55F-4206-2716-1036-950586FF5961}.Debug|x86.Build.0 = Debug|Any CPU
		{FD82E55F-4206-2716-1036-950586FF5961}.Release|Any CPU.ActiveCfg = Release|Any CPU
		{FD82E55F-4206-2716-1036-950586FF5961}.Release|Any CPU.Build.0 = Release|Any CPU
		{FD82E55F-4206-2716-1036-950586FF5961}.Release|x64.ActiveCfg = Release|Any CPU
		{FD82E55F-4206-2716-1036-950586FF5961}.Release|x64.Build.0 = Release|Any CPU
		{FD82E55F-4206-2716-1036-950586FF5961}.Release|x86.ActiveCfg = Release|Any CPU
		{FD82E55F-4206-2716-1036-950586FF5961}.Release|x86.Build.0 = Release|Any CPU
		{443F64BB-9AF7-4443-A57C-E2113F1F3012}.Debug|Any CPU.ActiveCfg = Debug|Any CPU
		{443F64BB-9AF7-4443-A57C-E2113F1F3012}.Debug|Any CPU.Build.0 = Debug|Any CPU
		{443F64BB-9AF7-4443-A57C-E2113F1F3012}.Debug|x64.ActiveCfg = Debug|Any CPU
		{443F64BB-9AF7-4443-A57C-E2113F1F3012}.Debug|x64.Build.0 = Debug|Any CPU
		{443F64BB-9AF7-4443-A57C-E2113F1F3012}.Debug|x86.ActiveCfg = Debug|Any CPU
		{443F64BB-9AF7-4443-A57C-E2113F1F3012}.Debug|x86.Build.0 = Debug|Any CPU
		{443F64BB-9AF7-4443-A57C-E2113F1F3012}.Release|Any CPU.ActiveCfg = Release|Any CPU
		{443F64BB-9AF7-4443-A57C-E2113F1F3012}.Release|Any CPU.Build.0 = Release|Any CPU
		{443F64BB-9AF7-4443-A57C-E2113F1F3012}.Release|x64.ActiveCfg = Release|Any CPU
		{443F64BB-9AF7-4443-A57C-E2113F1F3012}.Release|x64.Build.0 = Release|Any CPU
		{443F64BB-9AF7-4443-A57C-E2113F1F3012}.Release|x86.ActiveCfg = Release|Any CPU
		{443F64BB-9AF7-4443-A57C-E2113F1F3012}.Release|x86.Build.0 = Release|Any CPU
	EndGlobalSection
	GlobalSection(SolutionProperties) = preSolution
		HideSolutionNode = FALSE
	EndGlobalSection
	GlobalSection(ExtensibilityGlobals) = postSolution
		SolutionGuid = {81B4F405-476F-4201-95D2-56AA5408DC24}
	EndGlobalSection
EndGlobal
